
Microsoft Visual Studio Solution File, Format Version 12.00
# Visual Studio 15
VisualStudioVersion = 15.0.28010.2050
MinimumVisualStudioVersion = 10.0.40219.1
Project("{FAE04EC0-301F-11D3-BF4B-00C04F79EFBC}") = "OkapiSampleTests", "OkapiSampleTests\OkapiSampleTests.csproj", "{95CE0F05-0A2A-4089-964B-2ECE6BE8BB47}"
EndProject
Global
	GlobalSection(SolutionConfigurationPlatforms) = preSolution
		Debug|Any CPU = Debug|Any CPU
		Release|Any CPU = Release|Any CPU
	EndGlobalSection
	GlobalSection(ProjectConfigurationPlatforms) = postSolution
		{95CE0F05-0A2A-4089-964B-2ECE6BE8BB47}.Debug|Any CPU.ActiveCfg = Debug|Any CPU
		{95CE0F05-0A2A-4089-964B-2ECE6BE8BB47}.Debug|Any CPU.Build.0 = Debug|Any CPU
		{95CE0F05-0A2A-4089-964B-2ECE6BE8BB47}.Release|Any CPU.ActiveCfg = Release|Any CPU
		{95CE0F05-0A2A-4089-964B-2ECE6BE8BB47}.Release|Any CPU.Build.0 = Release|Any CPU
	EndGlobalSection
	GlobalSection(SolutionProperties) = preSolution
		HideSolutionNode = FALSE
	EndGlobalSection
	GlobalSection(ExtensibilityGlobals) = postSolution
		SolutionGuid = {1B9851C1-8F74-4913-82D9-CB8909D03CD8}
	EndGlobalSection
EndGlobal
